
Microsoft Visual Studio Solution File, Format Version 12.00
# Visual Studio Version 16
VisualStudioVersion = 16.0.29920.165
MinimumVisualStudioVersion = 10.0.40219.1
Project("{9A19103F-16F7-4668-BE54-9A1E7A4F7556}") = "TinyService", "TinyService\TinyService.csproj", "{24327C0F-578B-4D45-A0CF-43112502F279}"
EndProject
Project("{2150E333-8FDC-42A3-9474-1A3956D46DE8}") = "Src", "Src", "{A71C0883-38B7-447D-8B97-FB761483CABF}"
EndProject
Project("{2150E333-8FDC-42A3-9474-1A3956D46DE8}") = "Sample", "Sample", "{74459250-90EA-4625-8318-57D01E543610}"
EndProject
Project("{9A19103F-16F7-4668-BE54-9A1E7A4F7556}") = "Sample-1", "Sample\Sample-1\Sample-1.csproj", "{025AEE02-1A72-42D9-8694-B0292C39890A}"
EndProject
Project("{9A19103F-16F7-4668-BE54-9A1E7A4F7556}") = "TinyService.Cqrs", "TinyService.Cqrs\TinyService.Cqrs.csproj", "{B9A8C5FB-261F-4910-B208-77AA8F71D0E6}"
EndProject
Project("{9A19103F-16F7-4668-BE54-9A1E7A4F7556}") = "TinyService.ReactiveRabbit", "TinyService.ReactiveRabbit\TinyService.ReactiveRabbit.csproj", "{394F3484-6B44-424A-B9F0-BFD9A041A131}"
EndProject
Project("{9A19103F-16F7-4668-BE54-9A1E7A4F7556}") = "Sample-2", "Sample-2\Sample-2.csproj", "{8CE21E7C-7FF5-4BA6-96FD-CD1BCA07B7BA}"
EndProject
Project("{9A19103F-16F7-4668-BE54-9A1E7A4F7556}") = "TinyService.Discovery.Consul", "TinyService.Discovery.Consul\TinyService.Discovery.Consul.csproj", "{CBB2A095-B7DF-438D-AAA6-2370E05D99FC}"
EndProject
Project("{9A19103F-16F7-4668-BE54-9A1E7A4F7556}") = "Sample-ConsulApp", "Sample-ConsulApp\Sample-ConsulApp.csproj", "{55CE4580-FA95-4417-9677-7C3F3523DFDD}"
EndProject
Project("{2150E333-8FDC-42A3-9474-1A3956D46DE8}") = "Microservice", "Microservice", "{F6A79742-3FEE-4139-94B6-2F6A1C2AE56E}"
EndProject
Project("{2150E333-8FDC-42A3-9474-1A3956D46DE8}") = "Ordering", "Ordering", "{CC3C5CCD-FB25-4474-BDB5-79E296915668}"
EndProject
Project("{FAE04EC0-301F-11D3-BF4B-00C04F79EFBC}") = "Ordering.Domain", "Ordering.Domain\Ordering.Domain.csproj", "{A2F9F551-6C7A-46FC-9879-85E4F44FFAC0}"
EndProject
Project("{FAE04EC0-301F-11D3-BF4B-00C04F79EFBC}") = "Ordering.Infrastructure", "Ordering.Infrastructure\Ordering.Infrastructure.csproj", "{02744D22-2E55-4A7C-A90A-D32DF3D853B5}"
EndProject
Project("{FAE04EC0-301F-11D3-BF4B-00C04F79EFBC}") = "Ordering.Application", "Ordering.Application\Ordering.Application.csproj", "{A97A4A96-F5E8-40C5-8802-9EFAE11ED90D}"
EndProject
Project("{FAE04EC0-301F-11D3-BF4B-00C04F79EFBC}") = "Ordering.API", "Ordering.API\Ordering.API.csproj", "{D25B7BFD-5C8E-4DE1-AF95-30FDDEB5A9E9}"
EndProject
Global
	GlobalSection(SolutionConfigurationPlatforms) = preSolution
		Debug|Any CPU = Debug|Any CPU
		Release|Any CPU = Release|Any CPU
	EndGlobalSection
	GlobalSection(ProjectConfigurationPlatforms) = postSolution
		{24327C0F-578B-4D45-A0CF-43112502F279}.Debug|Any CPU.ActiveCfg = Debug|Any CPU
		{24327C0F-578B-4D45-A0CF-43112502F279}.Debug|Any CPU.Build.0 = Debug|Any CPU
		{24327C0F-578B-4D45-A0CF-43112502F279}.Release|Any CPU.ActiveCfg = Release|Any CPU
		{24327C0F-578B-4D45-A0CF-43112502F279}.Release|Any CPU.Build.0 = Release|Any CPU
		{025AEE02-1A72-42D9-8694-B0292C39890A}.Debug|Any CPU.ActiveCfg = Debug|Any CPU
		{025AEE02-1A72-42D9-8694-B0292C39890A}.Debug|Any CPU.Build.0 = Debug|Any CPU
		{025AEE02-1A72-42D9-8694-B0292C39890A}.Release|Any CPU.ActiveCfg = Release|Any CPU
		{025AEE02-1A72-42D9-8694-B0292C39890A}.Release|Any CPU.Build.0 = Release|Any CPU
		{B9A8C5FB-261F-4910-B208-77AA8F71D0E6}.Debug|Any CPU.ActiveCfg = Debug|Any CPU
		{B9A8C5FB-261F-4910-B208-77AA8F71D0E6}.Debug|Any CPU.Build.0 = Debug|Any CPU
		{B9A8C5FB-261F-4910-B208-77AA8F71D0E6}.Release|Any CPU.ActiveCfg = Release|Any CPU
		{B9A8C5FB-261F-4910-B208-77AA8F71D0E6}.Release|Any CPU.Build.0 = Release|Any CPU
		{394F3484-6B44-424A-B9F0-BFD9A041A131}.Debug|Any CPU.ActiveCfg = Debug|Any CPU
		{394F3484-6B44-424A-B9F0-BFD9A041A131}.Debug|Any CPU.Build.0 = Debug|Any CPU
		{394F3484-6B44-424A-B9F0-BFD9A041A131}.Release|Any CPU.ActiveCfg = Release|Any CPU
		{394F3484-6B44-424A-B9F0-BFD9A041A131}.Release|Any CPU.Build.0 = Release|Any CPU
		{8CE21E7C-7FF5-4BA6-96FD-CD1BCA07B7BA}.Debug|Any CPU.ActiveCfg = Debug|Any CPU
		{8CE21E7C-7FF5-4BA6-96FD-CD1BCA07B7BA}.Debug|Any CPU.Build.0 = Debug|Any CPU
		{8CE21E7C-7FF5-4BA6-96FD-CD1BCA07B7BA}.Release|Any CPU.ActiveCfg = Release|Any CPU
		{8CE21E7C-7FF5-4BA6-96FD-CD1BCA07B7BA}.Release|Any CPU.Build.0 = Release|Any CPU
		{CBB2A095-B7DF-438D-AAA6-2370E05D99FC}.Debug|Any CPU.ActiveCfg = Debug|Any CPU
		{CBB2A095-B7DF-438D-AAA6-2370E05D99FC}.Debug|Any CPU.Build.0 = Debug|Any CPU
		{CBB2A095-B7DF-438D-AAA6-2370E05D99FC}.Release|Any CPU.ActiveCfg = Release|Any CPU
		{CBB2A095-B7DF-438D-AAA6-2370E05D99FC}.Release|Any CPU.Build.0 = Release|Any CPU
		{55CE4580-FA95-4417-9677-7C3F3523DFDD}.Debug|Any CPU.ActiveCfg = Debug|Any CPU
		{55CE4580-FA95-4417-9677-7C3F3523DFDD}.Debug|Any CPU.Build.0 = Debug|Any CPU
		{55CE4580-FA95-4417-9677-7C3F3523DFDD}.Release|Any CPU.ActiveCfg = Release|Any CPU
		{55CE4580-FA95-4417-9677-7C3F3523DFDD}.Release|Any CPU.Build.0 = Release|Any CPU
		{A2F9F551-6C7A-46FC-9879-85E4F44FFAC0}.Debug|Any CPU.ActiveCfg = Debug|Any CPU
		{A2F9F551-6C7A-46FC-9879-85E4F44FFAC0}.Debug|Any CPU.Build.0 = Debug|Any CPU
		{A2F9F551-6C7A-46FC-9879-85E4F44FFAC0}.Release|Any CPU.ActiveCfg = Release|Any CPU
		{A2F9F551-6C7A-46FC-9879-85E4F44FFAC0}.Release|Any CPU.Build.0 = Release|Any CPU
		{02744D22-2E55-4A7C-A90A-D32DF3D853B5}.Debug|Any CPU.ActiveCfg = Debug|Any CPU
		{02744D22-2E55-4A7C-A90A-D32DF3D853B5}.Debug|Any CPU.Build.0 = Debug|Any CPU
		{02744D22-2E55-4A7C-A90A-D32DF3D853B5}.Release|Any CPU.ActiveCfg = Release|Any CPU
		{02744D22-2E55-4A7C-A90A-D32DF3D853B5}.Release|Any CPU.Build.0 = Release|Any CPU
		{A97A4A96-F5E8-40C5-8802-9EFAE11ED90D}.Debug|Any CPU.ActiveCfg = Debug|Any CPU
		{A97A4A96-F5E8-40C5-8802-9EFAE11ED90D}.Debug|Any CPU.Build.0 = Debug|Any CPU
		{A97A4A96-F5E8-40C5-8802-9EFAE11ED90D}.Release|Any CPU.ActiveCfg = Release|Any CPU
		{A97A4A96-F5E8-40C5-8802-9EFAE11ED90D}.Release|Any CPU.Build.0 = Release|Any CPU
		{D25B7BFD-5C8E-4DE1-AF95-30FDDEB5A9E9}.Debug|Any CPU.ActiveCfg = Debug|Any CPU
		{D25B7BFD-5C8E-4DE1-AF95-30FDDEB5A9E9}.Debug|Any CPU.Build.0 = Debug|Any CPU
		{D25B7BFD-5C8E-4DE1-AF95-30FDDEB5A9E9}.Release|Any CPU.ActiveCfg = Release|Any CPU
		{D25B7BFD-5C8E-4DE1-AF95-30FDDEB5A9E9}.Release|Any CPU.Build.0 = Release|Any CPU
	EndGlobalSection
	GlobalSection(SolutionProperties) = preSolution
		HideSolutionNode = FALSE
	EndGlobalSection
	GlobalSection(NestedProjects) = preSolution
		{24327C0F-578B-4D45-A0CF-43112502F279} = {A71C0883-38B7-447D-8B97-FB761483CABF}
		{025AEE02-1A72-42D9-8694-B0292C39890A} = {74459250-90EA-4625-8318-57D01E543610}
		{B9A8C5FB-261F-4910-B208-77AA8F71D0E6} = {A71C0883-38B7-447D-8B97-FB761483CABF}
		{394F3484-6B44-424A-B9F0-BFD9A041A131} = {A71C0883-38B7-447D-8B97-FB761483CABF}
		{8CE21E7C-7FF5-4BA6-96FD-CD1BCA07B7BA} = {74459250-90EA-4625-8318-57D01E543610}
		{CBB2A095-B7DF-438D-AAA6-2370E05D99FC} = {A71C0883-38B7-447D-8B97-FB761483CABF}
		{55CE4580-FA95-4417-9677-7C3F3523DFDD} = {74459250-90EA-4625-8318-57D01E543610}
		{F6A79742-3FEE-4139-94B6-2F6A1C2AE56E} = {74459250-90EA-4625-8318-57D01E543610}
		{CC3C5CCD-FB25-4474-BDB5-79E296915668} = {F6A79742-3FEE-4139-94B6-2F6A1C2AE56E}
		{A2F9F551-6C7A-46FC-9879-85E4F44FFAC0} = {CC3C5CCD-FB25-4474-BDB5-79E296915668}
		{02744D22-2E55-4A7C-A90A-D32DF3D853B5} = {CC3C5CCD-FB25-4474-BDB5-79E296915668}
		{A97A4A96-F5E8-40C5-8802-9EFAE11ED90D} = {CC3C5CCD-FB25-4474-BDB5-79E296915668}
		{D25B7BFD-5C8E-4DE1-AF95-30FDDEB5A9E9} = {CC3C5CCD-FB25-4474-BDB5-79E296915668}
	EndGlobalSection
	GlobalSection(ExtensibilityGlobals) = postSolution
		SolutionGuid = {E7196C76-B0F9-4C82-AAF4-B9E8EE82FB70}
	EndGlobalSection
EndGlobal
