
Microsoft Visual Studio Solution File, Format Version 12.00
# Visual Studio Version 16
VisualStudioVersion = 16.0.29920.165
MinimumVisualStudioVersion = 10.0.40219.1
Project("{9A19103F-16F7-4668-BE54-9A1E7A4F7556}") = "TinyService", "TinyService\TinyService.csproj", "{24327C0F-578B-4D45-A0CF-43112502F279}"
EndProject
Project("{2150E333-8FDC-42A3-9474-1A3956D46DE8}") = "Src", "Src", "{A71C0883-38B7-447D-8B97-FB761483CABF}"
EndProject
Project("{2150E333-8FDC-42A3-9474-1A3956D46DE8}") = "Sample", "Sample", "{74459250-90EA-4625-8318-57D01E543610}"
EndProject
Project("{9A19103F-16F7-4668-BE54-9A1E7A4F7556}") = "Sample-1", "Sample\Sample-1\Sample-1.csproj", "{025AEE02-1A72-42D9-8694-B0292C39890A}"
EndProject
Project("{9A19103F-16F7-4668-BE54-9A1E7A4F7556}") = "TinyService.Cqrs", "TinyService.Cqrs\TinyService.Cqrs.csproj", "{B9A8C5FB-261F-4910-B208-77AA8F71D0E6}"
EndProject
Project("{9A19103F-16F7-4668-BE54-9A1E7A4F7556}") = "TinyService.ReactiveRabbit", "TinyService.ReactiveRabbit\TinyService.ReactiveRabbit.csproj", "{394F3484-6B44-424A-B9F0-BFD9A041A131}"
EndProject
Project("{9A19103F-16F7-4668-BE54-9A1E7A4F7556}") = "TinyService.Discovery.Consul", "TinyService.Discovery.Consul\TinyService.Discovery.Consul.csproj", "{CBB2A095-B7DF-438D-AAA6-2370E05D99FC}"
EndProject
Project("{2150E333-8FDC-42A3-9474-1A3956D46DE8}") = "Microservice", "Microservice", "{F6A79742-3FEE-4139-94B6-2F6A1C2AE56E}"
EndProject
Project("{2150E333-8FDC-42A3-9474-1A3956D46DE8}") = "Ordering", "Ordering", "{CC3C5CCD-FB25-4474-BDB5-79E296915668}"
EndProject
Project("{9A19103F-16F7-4668-BE54-9A1E7A4F7556}") = "TinyServer.ReactiveSocket", "TinyServer.ReactiveSocket\TinyServer.ReactiveSocket.csproj", "{6C3ED148-4331-4469-97C5-E3BA533A9C5F}"
EndProject
Project("{2150E333-8FDC-42A3-9474-1A3956D46DE8}") = "ReactiveSocket", "ReactiveSocket", "{FF69477A-B54E-40E2-B878-63A46B449D25}"
EndProject
Project("{9A19103F-16F7-4668-BE54-9A1E7A4F7556}") = "Sample-2", "Sample\Sample-2\Sample-2.csproj", "{6EEA8199-C0EB-47EE-A5E9-A6F5DFC8554F}"
EndProject
Project("{9A19103F-16F7-4668-BE54-9A1E7A4F7556}") = "Sample-ConsulApp", "Sample\Sample-ConsulApp\Sample-ConsulApp.csproj", "{2F7F343E-93BE-4B22-BACA-CA29A93CE7D2}"
EndProject
Project("{9A19103F-16F7-4668-BE54-9A1E7A4F7556}") = "SocketClient", "Sample\TinyServerSocket\SocketClient\SocketClient.csproj", "{35133B5C-3988-4F12-8F81-0890C27BD25B}"
EndProject
Project("{9A19103F-16F7-4668-BE54-9A1E7A4F7556}") = "SocketServer", "Sample\TinyServerSocket\SocketServer\SocketServer.csproj", "{321D6B6F-F3BC-47E4-89B9-E2148CCB929A}"
EndProject
Project("{9A19103F-16F7-4668-BE54-9A1E7A4F7556}") = "Ordering.Infrastructure", "Sample\MicroService\Ordering.Infrastructure\Ordering.Infrastructure.csproj", "{524D3E15-1816-4A0D-9A17-563BDB3602D3}"
EndProject
Project("{9A19103F-16F7-4668-BE54-9A1E7A4F7556}") = "Ordering.Domain", "Sample\MicroService\Ordering.Domain\Ordering.Domain.csproj", "{40A29887-8AEA-45EB-B0EB-2B8C55503955}"
EndProject
Project("{9A19103F-16F7-4668-BE54-9A1E7A4F7556}") = "Ordering.Application", "Sample\MicroService\Ordering.Application\Ordering.Application.csproj", "{52A7BC06-ECF5-4280-A6D8-8D4D07888CF6}"
EndProject
Project("{9A19103F-16F7-4668-BE54-9A1E7A4F7556}") = "Ordering.API", "Sample\MicroService\Ordering.API\Ordering.API.csproj", "{ABA1C63F-B2D4-462B-8CD1-A90E0F2C668D}"
EndProject
Project("{9A19103F-16F7-4668-BE54-9A1E7A4F7556}") = "OrderClient", "Sample\MicroService\OrderClient\OrderClient.csproj", "{9E5D253C-E616-43FB-B412-55461A2F2F26}"
EndProject
Global
	GlobalSection(SolutionConfigurationPlatforms) = preSolution
		Debug|Any CPU = Debug|Any CPU
		Release|Any CPU = Release|Any CPU
	EndGlobalSection
	GlobalSection(ProjectConfigurationPlatforms) = postSolution
		{24327C0F-578B-4D45-A0CF-43112502F279}.Debug|Any CPU.ActiveCfg = Debug|Any CPU
		{24327C0F-578B-4D45-A0CF-43112502F279}.Debug|Any CPU.Build.0 = Debug|Any CPU
		{24327C0F-578B-4D45-A0CF-43112502F279}.Release|Any CPU.ActiveCfg = Release|Any CPU
		{24327C0F-578B-4D45-A0CF-43112502F279}.Release|Any CPU.Build.0 = Release|Any CPU
		{025AEE02-1A72-42D9-8694-B0292C39890A}.Debug|Any CPU.ActiveCfg = Debug|Any CPU
		{025AEE02-1A72-42D9-8694-B0292C39890A}.Debug|Any CPU.Build.0 = Debug|Any CPU
		{025AEE02-1A72-42D9-8694-B0292C39890A}.Release|Any CPU.ActiveCfg = Release|Any CPU
		{025AEE02-1A72-42D9-8694-B0292C39890A}.Release|Any CPU.Build.0 = Release|Any CPU
		{B9A8C5FB-261F-4910-B208-77AA8F71D0E6}.Debug|Any CPU.ActiveCfg = Debug|Any CPU
		{B9A8C5FB-261F-4910-B208-77AA8F71D0E6}.Debug|Any CPU.Build.0 = Debug|Any CPU
		{B9A8C5FB-261F-4910-B208-77AA8F71D0E6}.Release|Any CPU.ActiveCfg = Release|Any CPU
		{B9A8C5FB-261F-4910-B208-77AA8F71D0E6}.Release|Any CPU.Build.0 = Release|Any CPU
		{394F3484-6B44-424A-B9F0-BFD9A041A131}.Debug|Any CPU.ActiveCfg = Debug|Any CPU
		{394F3484-6B44-424A-B9F0-BFD9A041A131}.Debug|Any CPU.Build.0 = Debug|Any CPU
		{394F3484-6B44-424A-B9F0-BFD9A041A131}.Release|Any CPU.ActiveCfg = Release|Any CPU
		{394F3484-6B44-424A-B9F0-BFD9A041A131}.Release|Any CPU.Build.0 = Release|Any CPU
		{CBB2A095-B7DF-438D-AAA6-2370E05D99FC}.Debug|Any CPU.ActiveCfg = Debug|Any CPU
		{CBB2A095-B7DF-438D-AAA6-2370E05D99FC}.Debug|Any CPU.Build.0 = Debug|Any CPU
		{CBB2A095-B7DF-438D-AAA6-2370E05D99FC}.Release|Any CPU.ActiveCfg = Release|Any CPU
		{CBB2A095-B7DF-438D-AAA6-2370E05D99FC}.Release|Any CPU.Build.0 = Release|Any CPU
		{6C3ED148-4331-4469-97C5-E3BA533A9C5F}.Debug|Any CPU.ActiveCfg = Debug|Any CPU
		{6C3ED148-4331-4469-97C5-E3BA533A9C5F}.Debug|Any CPU.Build.0 = Debug|Any CPU
		{6C3ED148-4331-4469-97C5-E3BA533A9C5F}.Release|Any CPU.ActiveCfg = Release|Any CPU
		{6C3ED148-4331-4469-97C5-E3BA533A9C5F}.Release|Any CPU.Build.0 = Release|Any CPU
		{6EEA8199-C0EB-47EE-A5E9-A6F5DFC8554F}.Debug|Any CPU.ActiveCfg = Debug|Any CPU
		{6EEA8199-C0EB-47EE-A5E9-A6F5DFC8554F}.Debug|Any CPU.Build.0 = Debug|Any CPU
		{6EEA8199-C0EB-47EE-A5E9-A6F5DFC8554F}.Release|Any CPU.ActiveCfg = Release|Any CPU
		{6EEA8199-C0EB-47EE-A5E9-A6F5DFC8554F}.Release|Any CPU.Build.0 = Release|Any CPU
		{2F7F343E-93BE-4B22-BACA-CA29A93CE7D2}.Debug|Any CPU.ActiveCfg = Debug|Any CPU
		{2F7F343E-93BE-4B22-BACA-CA29A93CE7D2}.Debug|Any CPU.Build.0 = Debug|Any CPU
		{2F7F343E-93BE-4B22-BACA-CA29A93CE7D2}.Release|Any CPU.ActiveCfg = Release|Any CPU
		{2F7F343E-93BE-4B22-BACA-CA29A93CE7D2}.Release|Any CPU.Build.0 = Release|Any CPU
		{35133B5C-3988-4F12-8F81-0890C27BD25B}.Debug|Any CPU.ActiveCfg = Debug|Any CPU
		{35133B5C-3988-4F12-8F81-0890C27BD25B}.Debug|Any CPU.Build.0 = Debug|Any CPU
		{35133B5C-3988-4F12-8F81-0890C27BD25B}.Release|Any CPU.ActiveCfg = Release|Any CPU
		{35133B5C-3988-4F12-8F81-0890C27BD25B}.Release|Any CPU.Build.0 = Release|Any CPU
		{321D6B6F-F3BC-47E4-89B9-E2148CCB929A}.Debug|Any CPU.ActiveCfg = Debug|Any CPU
		{321D6B6F-F3BC-47E4-89B9-E2148CCB929A}.Debug|Any CPU.Build.0 = Debug|Any CPU
		{321D6B6F-F3BC-47E4-89B9-E2148CCB929A}.Release|Any CPU.ActiveCfg = Release|Any CPU
		{321D6B6F-F3BC-47E4-89B9-E2148CCB929A}.Release|Any CPU.Build.0 = Release|Any CPU
		{524D3E15-1816-4A0D-9A17-563BDB3602D3}.Debug|Any CPU.ActiveCfg = Debug|Any CPU
		{524D3E15-1816-4A0D-9A17-563BDB3602D3}.Debug|Any CPU.Build.0 = Debug|Any CPU
		{524D3E15-1816-4A0D-9A17-563BDB3602D3}.Release|Any CPU.ActiveCfg = Release|Any CPU
		{524D3E15-1816-4A0D-9A17-563BDB3602D3}.Release|Any CPU.Build.0 = Release|Any CPU
		{40A29887-8AEA-45EB-B0EB-2B8C55503955}.Debug|Any CPU.ActiveCfg = Debug|Any CPU
		{40A29887-8AEA-45EB-B0EB-2B8C55503955}.Debug|Any CPU.Build.0 = Debug|Any CPU
		{40A29887-8AEA-45EB-B0EB-2B8C55503955}.Release|Any CPU.ActiveCfg = Release|Any CPU
		{40A29887-8AEA-45EB-B0EB-2B8C55503955}.Release|Any CPU.Build.0 = Release|Any CPU
		{52A7BC06-ECF5-4280-A6D8-8D4D07888CF6}.Debug|Any CPU.ActiveCfg = Debug|Any CPU
		{52A7BC06-ECF5-4280-A6D8-8D4D07888CF6}.Debug|Any CPU.Build.0 = Debug|Any CPU
		{52A7BC06-ECF5-4280-A6D8-8D4D07888CF6}.Release|Any CPU.ActiveCfg = Release|Any CPU
		{52A7BC06-ECF5-4280-A6D8-8D4D07888CF6}.Release|Any CPU.Build.0 = Release|Any CPU
		{ABA1C63F-B2D4-462B-8CD1-A90E0F2C668D}.Debug|Any CPU.ActiveCfg = Debug|Any CPU
		{ABA1C63F-B2D4-462B-8CD1-A90E0F2C668D}.Debug|Any CPU.Build.0 = Debug|Any CPU
		{ABA1C63F-B2D4-462B-8CD1-A90E0F2C668D}.Release|Any CPU.ActiveCfg = Release|Any CPU
		{ABA1C63F-B2D4-462B-8CD1-A90E0F2C668D}.Release|Any CPU.Build.0 = Release|Any CPU
		{9E5D253C-E616-43FB-B412-55461A2F2F26}.Debug|Any CPU.ActiveCfg = Debug|Any CPU
		{9E5D253C-E616-43FB-B412-55461A2F2F26}.Debug|Any CPU.Build.0 = Debug|Any CPU
		{9E5D253C-E616-43FB-B412-55461A2F2F26}.Release|Any CPU.ActiveCfg = Release|Any CPU
		{9E5D253C-E616-43FB-B412-55461A2F2F26}.Release|Any CPU.Build.0 = Release|Any CPU
	EndGlobalSection
	GlobalSection(SolutionProperties) = preSolution
		HideSolutionNode = FALSE
	EndGlobalSection
	GlobalSection(NestedProjects) = preSolution
		{24327C0F-578B-4D45-A0CF-43112502F279} = {A71C0883-38B7-447D-8B97-FB761483CABF}
		{025AEE02-1A72-42D9-8694-B0292C39890A} = {74459250-90EA-4625-8318-57D01E543610}
		{B9A8C5FB-261F-4910-B208-77AA8F71D0E6} = {A71C0883-38B7-447D-8B97-FB761483CABF}
		{394F3484-6B44-424A-B9F0-BFD9A041A131} = {A71C0883-38B7-447D-8B97-FB761483CABF}
		{CBB2A095-B7DF-438D-AAA6-2370E05D99FC} = {A71C0883-38B7-447D-8B97-FB761483CABF}
		{F6A79742-3FEE-4139-94B6-2F6A1C2AE56E} = {74459250-90EA-4625-8318-57D01E543610}
		{CC3C5CCD-FB25-4474-BDB5-79E296915668} = {F6A79742-3FEE-4139-94B6-2F6A1C2AE56E}
		{6C3ED148-4331-4469-97C5-E3BA533A9C5F} = {A71C0883-38B7-447D-8B97-FB761483CABF}
		{FF69477A-B54E-40E2-B878-63A46B449D25} = {74459250-90EA-4625-8318-57D01E543610}
		{6EEA8199-C0EB-47EE-A5E9-A6F5DFC8554F} = {74459250-90EA-4625-8318-57D01E543610}
		{2F7F343E-93BE-4B22-BACA-CA29A93CE7D2} = {74459250-90EA-4625-8318-57D01E543610}
		{35133B5C-3988-4F12-8F81-0890C27BD25B} = {FF69477A-B54E-40E2-B878-63A46B449D25}
		{321D6B6F-F3BC-47E4-89B9-E2148CCB929A} = {FF69477A-B54E-40E2-B878-63A46B449D25}
		{524D3E15-1816-4A0D-9A17-563BDB3602D3} = {CC3C5CCD-FB25-4474-BDB5-79E296915668}
		{40A29887-8AEA-45EB-B0EB-2B8C55503955} = {CC3C5CCD-FB25-4474-BDB5-79E296915668}
		{52A7BC06-ECF5-4280-A6D8-8D4D07888CF6} = {CC3C5CCD-FB25-4474-BDB5-79E296915668}
		{ABA1C63F-B2D4-462B-8CD1-A90E0F2C668D} = {CC3C5CCD-FB25-4474-BDB5-79E296915668}
		{9E5D253C-E616-43FB-B412-55461A2F2F26} = {CC3C5CCD-FB25-4474-BDB5-79E296915668}
	EndGlobalSection
	GlobalSection(ExtensibilityGlobals) = postSolution
		SolutionGuid = {E7196C76-B0F9-4C82-AAF4-B9E8EE82FB70}
	EndGlobalSection
EndGlobal
